// !$*UTF8*$!
{
	archiveVersion = 1;
	classes = {
	};
	objectVersion = 56;
	objects = {

/* Begin PBXBuildFile section */
		C3188D192A5F44ED00E384D3 /* NotUsing@2x.png in Resources */ = {isa = PBXBuildFile; fileRef = C3188D172A5F44ED00E384D3 /* NotUsing@2x.png */; };
		C3188D1A2A5F44ED00E384D3 /* NotUsing.png in Resources */ = {isa = PBXBuildFile; fileRef = C3188D182A5F44ED00E384D3 /* NotUsing.png */; };
		C3F03CC928E37B90004CFE58 /* ExampleApp.swift in Sources */ = {isa = PBXBuildFile; fileRef = C3F03CC828E37B90004CFE58 /* ExampleApp.swift */; };
		C3F03CCB28E37B90004CFE58 /* ContentView.swift in Sources */ = {isa = PBXBuildFile; fileRef = C3F03CCA28E37B90004CFE58 /* ContentView.swift */; };
		C3F03CCD28E37B92004CFE58 /* Assets.xcassets in Resources */ = {isa = PBXBuildFile; fileRef = C3F03CCC28E37B92004CFE58 /* Assets.xcassets */; };
		C3F03CD028E37B92004CFE58 /* Preview Assets.xcassets in Resources */ = {isa = PBXBuildFile; fileRef = C3F03CCF28E37B92004CFE58 /* Preview Assets.xcassets */; };
		C3F03CDC28E43ED1004CFE58 /* NotDuplicated@2x.png in Resources */ = {isa = PBXBuildFile; fileRef = C3F03CD928E43ED1004CFE58 /* NotDuplicated@2x.png */; };
		C3F03CDD28E43ED1004CFE58 /* NotDuplicated.png in Resources */ = {isa = PBXBuildFile; fileRef = C3F03CDA28E43ED1004CFE58 /* NotDuplicated.png */; };
		C3F03CDE28E43ED1004CFE58 /* NotDuplicated@3x.png in Resources */ = {isa = PBXBuildFile; fileRef = C3F03CDB28E43ED1004CFE58 /* NotDuplicated@3x.png */; };
		C3F03CE428E6E806004CFE58 /* MixedUp3.png in Resources */ = {isa = PBXBuildFile; fileRef = C3F03CE128E6E806004CFE58 /* MixedUp3.png */; };
		C3F03CE528E6E806004CFE58 /* MixedUp3@2x.png in Resources */ = {isa = PBXBuildFile; fileRef = C3F03CE228E6E806004CFE58 /* MixedUp3@2x.png */; };
		C3F03CE628E6E806004CFE58 /* MixedUp3@3x.png in Resources */ = {isa = PBXBuildFile; fileRef = C3F03CE328E6E806004CFE58 /* MixedUp3@3x.png */; };
		C3F5F650292CAE5D005F9700 /* Assets+Generated.swift in Sources */ = {isa = PBXBuildFile; fileRef = C3F5F64F292CAE5D005F9700 /* Assets+Generated.swift */; };
/* End PBXBuildFile section */

/* Begin PBXFileReference section */
		C3188D172A5F44ED00E384D3 /* NotUsing@2x.png */ = {isa = PBXFileReference; lastKnownFileType = image.png; path = "NotUsing@2x.png"; sourceTree = "<group>"; };
		C3188D182A5F44ED00E384D3 /* NotUsing.png */ = {isa = PBXFileReference; lastKnownFileType = image.png; path = NotUsing.png; sourceTree = "<group>"; };
		C3188D1B2A5F488F00E384D3 /* README.md */ = {isa = PBXFileReference; lastKnownFileType = net.daringfireball.markdown; name = README.md; path = ../README.md; sourceTree = "<group>"; };
		C3F03CC528E37B90004CFE58 /* Example.app */ = {isa = PBXFileReference; explicitFileType = wrapper.application; includeInIndex = 0; path = Example.app; sourceTree = BUILT_PRODUCTS_DIR; };
		C3F03CC828E37B90004CFE58 /* ExampleApp.swift */ = {isa = PBXFileReference; lastKnownFileType = sourcecode.swift; path = ExampleApp.swift; sourceTree = "<group>"; };
		C3F03CCA28E37B90004CFE58 /* ContentView.swift */ = {isa = PBXFileReference; lastKnownFileType = sourcecode.swift; path = ContentView.swift; sourceTree = "<group>"; };
		C3F03CCC28E37B92004CFE58 /* Assets.xcassets */ = {isa = PBXFileReference; lastKnownFileType = folder.assetcatalog; path = Assets.xcassets; sourceTree = "<group>"; };
		C3F03CCF28E37B92004CFE58 /* Preview Assets.xcassets */ = {isa = PBXFileReference; lastKnownFileType = folder.assetcatalog; path = "Preview Assets.xcassets"; sourceTree = "<group>"; };
		C3F03CD728E38062004CFE58 /* ImageLinter.swift */ = {isa = PBXFileReference; fileEncoding = 4; lastKnownFileType = sourcecode.swift; name = ImageLinter.swift; path = ../ImageLinter.swift; sourceTree = "<group>"; };
		C3F03CD928E43ED1004CFE58 /* NotDuplicated@2x.png */ = {isa = PBXFileReference; lastKnownFileType = image.png; path = "NotDuplicated@2x.png"; sourceTree = "<group>"; };
		C3F03CDA28E43ED1004CFE58 /* NotDuplicated.png */ = {isa = PBXFileReference; lastKnownFileType = image.png; path = NotDuplicated.png; sourceTree = "<group>"; };
		C3F03CDB28E43ED1004CFE58 /* NotDuplicated@3x.png */ = {isa = PBXFileReference; lastKnownFileType = image.png; path = "NotDuplicated@3x.png"; sourceTree = "<group>"; };
		C3F03CE128E6E806004CFE58 /* MixedUp3.png */ = {isa = PBXFileReference; lastKnownFileType = image.png; path = MixedUp3.png; sourceTree = "<group>"; };
		C3F03CE228E6E806004CFE58 /* MixedUp3@2x.png */ = {isa = PBXFileReference; lastKnownFileType = image.png; path = "MixedUp3@2x.png"; sourceTree = "<group>"; };
		C3F03CE328E6E806004CFE58 /* MixedUp3@3x.png */ = {isa = PBXFileReference; lastKnownFileType = image.png; path = "MixedUp3@3x.png"; sourceTree = "<group>"; };
		C3F5F64F292CAE5D005F9700 /* Assets+Generated.swift */ = {isa = PBXFileReference; fileEncoding = 4; lastKnownFileType = sourcecode.swift; path = "Assets+Generated.swift"; sourceTree = "<group>"; };
/* End PBXFileReference section */

/* Begin PBXFrameworksBuildPhase section */
		C3F03CC228E37B90004CFE58 /* Frameworks */ = {
			isa = PBXFrameworksBuildPhase;
			buildActionMask = 2147483647;
			files = (
			);
			runOnlyForDeploymentPostprocessing = 0;
		};
/* End PBXFrameworksBuildPhase section */

/* Begin PBXGroup section */
		C3F03CBC28E37B90004CFE58 = {
			isa = PBXGroup;
			children = (
				C3188D1B2A5F488F00E384D3 /* README.md */,
				C3F03CD728E38062004CFE58 /* ImageLinter.swift */,
				C3F03CC728E37B90004CFE58 /* Example */,
				C3F03CC628E37B90004CFE58 /* Products */,
			);
			sourceTree = "<group>";
		};
		C3F03CC628E37B90004CFE58 /* Products */ = {
			isa = PBXGroup;
			children = (
				C3F03CC528E37B90004CFE58 /* Example.app */,
			);
			name = Products;
			sourceTree = "<group>";
		};
		C3F03CC728E37B90004CFE58 /* Example */ = {
			isa = PBXGroup;
			children = (
				C3F5F64E292CAE5D005F9700 /* Generated */,
				C3F03CC828E37B90004CFE58 /* ExampleApp.swift */,
				C3F03CCA28E37B90004CFE58 /* ContentView.swift */,
				C3F03CCC28E37B92004CFE58 /* Assets.xcassets */,
				C3F03CE128E6E806004CFE58 /* MixedUp3.png */,
				C3F03CE228E6E806004CFE58 /* MixedUp3@2x.png */,
				C3F03CE328E6E806004CFE58 /* MixedUp3@3x.png */,
				C3F03CDA28E43ED1004CFE58 /* NotDuplicated.png */,
				C3F03CD928E43ED1004CFE58 /* NotDuplicated@2x.png */,
				C3F03CDB28E43ED1004CFE58 /* NotDuplicated@3x.png */,
				C3188D182A5F44ED00E384D3 /* NotUsing.png */,
				C3188D172A5F44ED00E384D3 /* NotUsing@2x.png */,
				C3F03CCE28E37B92004CFE58 /* Preview Content */,
			);
			path = Example;
			sourceTree = "<group>";
		};
		C3F03CCE28E37B92004CFE58 /* Preview Content */ = {
			isa = PBXGroup;
			children = (
				C3F03CCF28E37B92004CFE58 /* Preview Assets.xcassets */,
			);
			path = "Preview Content";
			sourceTree = "<group>";
		};
		C3F5F64E292CAE5D005F9700 /* Generated */ = {
			isa = PBXGroup;
			children = (
				C3F5F64F292CAE5D005F9700 /* Assets+Generated.swift */,
			);
			path = Generated;
			sourceTree = "<group>";
		};
/* End PBXGroup section */

/* Begin PBXNativeTarget section */
		C3F03CC428E37B90004CFE58 /* Example */ = {
			isa = PBXNativeTarget;
			buildConfigurationList = C3F03CD328E37B92004CFE58 /* Build configuration list for PBXNativeTarget "Example" */;
			buildPhases = (
				C3F03CD628E38007004CFE58 /* ImageLinter */,
				C3F03CC128E37B90004CFE58 /* Sources */,
				C3F03CC228E37B90004CFE58 /* Frameworks */,
				C3F03CC328E37B90004CFE58 /* Resources */,
			);
			buildRules = (
			);
			dependencies = (
			);
			name = Example;
			productName = Example;
			productReference = C3F03CC528E37B90004CFE58 /* Example.app */;
			productType = "com.apple.product-type.application";
		};
/* End PBXNativeTarget section */

/* Begin PBXProject section */
		C3F03CBD28E37B90004CFE58 /* Project object */ = {
			isa = PBXProject;
			attributes = {
				BuildIndependentTargetsInParallel = 1;
				LastSwiftUpdateCheck = 1400;
				LastUpgradeCheck = 1400;
				TargetAttributes = {
					C3F03CC428E37B90004CFE58 = {
						CreatedOnToolsVersion = 14.0;
					};
				};
			};
			buildConfigurationList = C3F03CC028E37B90004CFE58 /* Build configuration list for PBXProject "Example" */;
			compatibilityVersion = "Xcode 14.0";
			developmentRegion = en;
			hasScannedForEncodings = 0;
			knownRegions = (
				en,
				Base,
			);
			mainGroup = C3F03CBC28E37B90004CFE58;
			productRefGroup = C3F03CC628E37B90004CFE58 /* Products */;
			projectDirPath = "";
			projectRoot = "";
			targets = (
				C3F03CC428E37B90004CFE58 /* Example */,
			);
		};
/* End PBXProject section */

/* Begin PBXResourcesBuildPhase section */
		C3F03CC328E37B90004CFE58 /* Resources */ = {
			isa = PBXResourcesBuildPhase;
			buildActionMask = 2147483647;
			files = (
				C3188D1A2A5F44ED00E384D3 /* NotUsing.png in Resources */,
				C3F03CD028E37B92004CFE58 /* Preview Assets.xcassets in Resources */,
				C3F03CE528E6E806004CFE58 /* MixedUp3@2x.png in Resources */,
				C3F03CCD28E37B92004CFE58 /* Assets.xcassets in Resources */,
				C3F03CDD28E43ED1004CFE58 /* NotDuplicated.png in Resources */,
				C3F03CE628E6E806004CFE58 /* MixedUp3@3x.png in Resources */,
				C3F03CDC28E43ED1004CFE58 /* NotDuplicated@2x.png in Resources */,
				C3F03CE428E6E806004CFE58 /* MixedUp3.png in Resources */,
				C3188D192A5F44ED00E384D3 /* NotUsing@2x.png in Resources */,
				C3F03CDE28E43ED1004CFE58 /* NotDuplicated@3x.png in Resources */,
			);
			runOnlyForDeploymentPostprocessing = 0;
		};
/* End PBXResourcesBuildPhase section */

/* Begin PBXShellScriptBuildPhase section */
		C3F03CD628E38007004CFE58 /* ImageLinter */ = {
			isa = PBXShellScriptBuildPhase;
			alwaysOutOfDate = 1;
			buildActionMask = 2147483647;
			files = (
			);
			inputFileListPaths = (
			);
			inputPaths = (
			);
			name = ImageLinter;
			outputFileListPaths = (
			);
			outputPaths = (
			);
			runOnlyForDeploymentPostprocessing = 0;
			shellPath = /bin/sh;
			shellScript = "\"$SRCROOT/../ImageLinter.swift\" -imagesPath \"/.\" -sourcePath \"/.\"\n";
		};
/* End PBXShellScriptBuildPhase section */

/* Begin PBXSourcesBuildPhase section */
		C3F03CC128E37B90004CFE58 /* Sources */ = {
			isa = PBXSourcesBuildPhase;
			buildActionMask = 2147483647;
			files = (
				C3F03CCB28E37B90004CFE58 /* ContentView.swift in Sources */,
				C3F03CC928E37B90004CFE58 /* ExampleApp.swift in Sources */,
				C3F5F650292CAE5D005F9700 /* Assets+Generated.swift in Sources */,
			);
			runOnlyForDeploymentPostprocessing = 0;
		};
/* End PBXSourcesBuildPhase section */

/* Begin XCBuildConfiguration section */
		C3F03CD128E37B92004CFE58 /* Debug */ = {
			isa = XCBuildConfiguration;
			buildSettings = {
				ALWAYS_SEARCH_USER_PATHS = NO;
				CLANG_ANALYZER_NONNULL = YES;
				CLANG_ANALYZER_NUMBER_OBJECT_CONVERSION = YES_AGGRESSIVE;
				CLANG_CXX_LANGUAGE_STANDARD = "gnu++20";
				CLANG_ENABLE_MODULES = YES;
				CLANG_ENABLE_OBJC_ARC = YES;
				CLANG_ENABLE_OBJC_WEAK = YES;
				CLANG_WARN_BLOCK_CAPTURE_AUTORELEASING = YES;
				CLANG_WARN_BOOL_CONVERSION = YES;
				CLANG_WARN_COMMA = YES;
				CLANG_WARN_CONSTANT_CONVERSION = YES;
				CLANG_WARN_DEPRECATED_OBJC_IMPLEMENTATIONS = YES;
				CLANG_WARN_DIRECT_OBJC_ISA_USAGE = YES_ERROR;
				CLANG_WARN_DOCUMENTATION_COMMENTS = YES;
				CLANG_WARN_EMPTY_BODY = YES;
				CLANG_WARN_ENUM_CONVERSION = YES;
				CLANG_WARN_INFINITE_RECURSION = YES;
				CLANG_WARN_INT_CONVERSION = YES;
				CLANG_WARN_NON_LITERAL_NULL_CONVERSION = YES;
				CLANG_WARN_OBJC_IMPLICIT_RETAIN_SELF = YES;
				CLANG_WARN_OBJC_LITERAL_CONVERSION = YES;
				CLANG_WARN_OBJC_ROOT_CLASS = YES_ERROR;
				CLANG_WARN_QUOTED_INCLUDE_IN_FRAMEWORK_HEADER = YES;
				CLANG_WARN_RANGE_LOOP_ANALYSIS = YES;
				CLANG_WARN_STRICT_PROTOTYPES = YES;
				CLANG_WARN_SUSPICIOUS_MOVE = YES;
				CLANG_WARN_UNGUARDED_AVAILABILITY = YES_AGGRESSIVE;
				CLANG_WARN_UNREACHABLE_CODE = YES;
				CLANG_WARN__DUPLICATE_METHOD_MATCH = YES;
				COPY_PHASE_STRIP = NO;
				DEBUG_INFORMATION_FORMAT = dwarf;
				ENABLE_STRICT_OBJC_MSGSEND = YES;
				ENABLE_TESTABILITY = YES;
				GCC_C_LANGUAGE_STANDARD = gnu11;
				GCC_DYNAMIC_NO_PIC = NO;
				GCC_NO_COMMON_BLOCKS = YES;
				GCC_OPTIMIZATION_LEVEL = 0;
				GCC_PREPROCESSOR_DEFINITIONS = (
					"DEBUG=1",
					"$(inherited)",
				);
				GCC_WARN_64_TO_32_BIT_CONVERSION = YES;
				GCC_WARN_ABOUT_RETURN_TYPE = YES_ERROR;
				GCC_WARN_UNDECLARED_SELECTOR = YES;
				GCC_WARN_UNINITIALIZED_AUTOS = YES_AGGRESSIVE;
				GCC_WARN_UNUSED_FUNCTION = YES;
				GCC_WARN_UNUSED_VARIABLE = YES;
				IPHONEOS_DEPLOYMENT_TARGET = 16.0;
				MTL_ENABLE_DEBUG_INFO = INCLUDE_SOURCE;
				MTL_FAST_MATH = YES;
				ONLY_ACTIVE_ARCH = YES;
				SDKROOT = iphoneos;
				SWIFT_ACTIVE_COMPILATION_CONDITIONS = DEBUG;
				SWIFT_OPTIMIZATION_LEVEL = "-Onone";
			};
			name = Debug;
		};
		C3F03CD228E37B92004CFE58 /* Release */ = {
			isa = XCBuildConfiguration;
			buildSettings = {
				ALWAYS_SEARCH_USER_PATHS = NO;
				CLANG_ANALYZER_NONNULL = YES;
				CLANG_ANALYZER_NUMBER_OBJECT_CONVERSION = YES_AGGRESSIVE;
				CLANG_CXX_LANGUAGE_STANDARD = "gnu++20";
				CLANG_ENABLE_MODULES = YES;
				CLANG_ENABLE_OBJC_ARC = YES;
				CLANG_ENABLE_OBJC_WEAK = YES;
				CLANG_WARN_BLOCK_CAPTURE_AUTORELEASING = YES;
				CLANG_WARN_BOOL_CONVERSION = YES;
				CLANG_WARN_COMMA = YES;
				CLANG_WARN_CONSTANT_CONVERSION = YES;
				CLANG_WARN_DEPRECATED_OBJC_IMPLEMENTATIONS = YES;
				CLANG_WARN_DIRECT_OBJC_ISA_USAGE = YES_ERROR;
				CLANG_WARN_DOCUMENTATION_COMMENTS = YES;
				CLANG_WARN_EMPTY_BODY = YES;
				CLANG_WARN_ENUM_CONVERSION = YES;
				CLANG_WARN_INFINITE_RECURSION = YES;
				CLANG_WARN_INT_CONVERSION = YES;
				CLANG_WARN_NON_LITERAL_NULL_CONVERSION = YES;
				CLANG_WARN_OBJC_IMPLICIT_RETAIN_SELF = YES;
				CLANG_WARN_OBJC_LITERAL_CONVERSION = YES;
				CLANG_WARN_OBJC_ROOT_CLASS = YES_ERROR;
				CLANG_WARN_QUOTED_INCLUDE_IN_FRAMEWORK_HEADER = YES;
				CLANG_WARN_RANGE_LOOP_ANALYSIS = YES;
				CLANG_WARN_STRICT_PROTOTYPES = YES;
				CLANG_WARN_SUSPICIOUS_MOVE = YES;
				CLANG_WARN_UNGUARDED_AVAILABILITY = YES_AGGRESSIVE;
				CLANG_WARN_UNREACHABLE_CODE = YES;
				CLANG_WARN__DUPLICATE_METHOD_MATCH = YES;
				COPY_PHASE_STRIP = NO;
				DEBUG_INFORMATION_FORMAT = "dwarf-with-dsym";
				ENABLE_NS_ASSERTIONS = NO;
				ENABLE_STRICT_OBJC_MSGSEND = YES;
				GCC_C_LANGUAGE_STANDARD = gnu11;
				GCC_NO_COMMON_BLOCKS = YES;
				GCC_WARN_64_TO_32_BIT_CONVERSION = YES;
				GCC_WARN_ABOUT_RETURN_TYPE = YES_ERROR;
				GCC_WARN_UNDECLARED_SELECTOR = YES;
				GCC_WARN_UNINITIALIZED_AUTOS = YES_AGGRESSIVE;
				GCC_WARN_UNUSED_FUNCTION = YES;
				GCC_WARN_UNUSED_VARIABLE = YES;
				IPHONEOS_DEPLOYMENT_TARGET = 16.0;
				MTL_ENABLE_DEBUG_INFO = NO;
				MTL_FAST_MATH = YES;
				SDKROOT = iphoneos;
				SWIFT_COMPILATION_MODE = wholemodule;
				SWIFT_OPTIMIZATION_LEVEL = "-O";
				VALIDATE_PRODUCT = YES;
			};
			name = Release;
		};
		C3F03CD428E37B92004CFE58 /* Debug */ = {
			isa = XCBuildConfiguration;
			buildSettings = {
				ASSETCATALOG_COMPILER_APPICON_NAME = AppIcon;
				ASSETCATALOG_COMPILER_GLOBAL_ACCENT_COLOR_NAME = AccentColor;
				CODE_SIGN_STYLE = Automatic;
				CURRENT_PROJECT_VERSION = 1;
				DEVELOPMENT_ASSET_PATHS = "\"Example/Preview Content\"";
				ENABLE_PREVIEWS = YES;
				GENERATE_INFOPLIST_FILE = YES;
				INFOPLIST_KEY_UIApplicationSceneManifest_Generation = YES;
				INFOPLIST_KEY_UIApplicationSupportsIndirectInputEvents = YES;
				INFOPLIST_KEY_UILaunchScreen_Generation = YES;
				INFOPLIST_KEY_UISupportedInterfaceOrientations_iPad = "UIInterfaceOrientationPortrait UIInterfaceOrientationPortraitUpsideDown UIInterfaceOrientationLandscapeLeft UIInterfaceOrientationLandscapeRight";
				INFOPLIST_KEY_UISupportedInterfaceOrientations_iPhone = "UIInterfaceOrientationPortrait UIInterfaceOrientationLandscapeLeft UIInterfaceOrientationLandscapeRight";
				LD_RUNPATH_SEARCH_PATHS = (
					"$(inherited)",
					"@executable_path/Frameworks",
				);
				MARKETING_VERSION = 1.0;
				PRODUCT_BUNDLE_IDENTIFIER = Byterix.Example;
				PRODUCT_NAME = "$(TARGET_NAME)";
				SWIFT_EMIT_LOC_STRINGS = YES;
				SWIFT_VERSION = 5.0;
				TARGETED_DEVICE_FAMILY = "1,2";
			};
			name = Debug;
		};
		C3F03CD528E37B92004CFE58 /* Release */ = {
			isa = XCBuildConfiguration;
			buildSettings = {
				ASSETCATALOG_COMPILER_APPICON_NAME = AppIcon;
				ASSETCATALOG_COMPILER_GLOBAL_ACCENT_COLOR_NAME = AccentColor;
				CODE_SIGN_STYLE = Automatic;
				CURRENT_PROJECT_VERSION = 1;
				DEVELOPMENT_ASSET_PATHS = "\"Example/Preview Content\"";
				ENABLE_PREVIEWS = YES;
				GENERATE_INFOPLIST_FILE = YES;
				INFOPLIST_KEY_UIApplicationSceneManifest_Generation = YES;
				INFOPLIST_KEY_UIApplicationSupportsIndirectInputEvents = YES;
				INFOPLIST_KEY_UILaunchScreen_Generation = YES;
				INFOPLIST_KEY_UISupportedInterfaceOrientations_iPad = "UIInterfaceOrientationPortrait UIInterfaceOrientationPortraitUpsideDown UIInterfaceOrientationLandscapeLeft UIInterfaceOrientationLandscapeRight";
				INFOPLIST_KEY_UISupportedInterfaceOrientations_iPhone = "UIInterfaceOrientationPortrait UIInterfaceOrientationLandscapeLeft UIInterfaceOrientationLandscapeRight";
				LD_RUNPATH_SEARCH_PATHS = (
					"$(inherited)",
					"@executable_path/Frameworks",
				);
				MARKETING_VERSION = 1.0;
				PRODUCT_BUNDLE_IDENTIFIER = Byterix.Example;
				PRODUCT_NAME = "$(TARGET_NAME)";
				SWIFT_EMIT_LOC_STRINGS = YES;
				SWIFT_VERSION = 5.0;
				TARGETED_DEVICE_FAMILY = "1,2";
			};
			name = Release;
		};
/* End XCBuildConfiguration section */

/* Begin XCConfigurationList section */
		C3F03CC028E37B90004CFE58 /* Build configuration list for PBXProject "Example" */ = {
			isa = XCConfigurationList;
			buildConfigurations = (
				C3F03CD128E37B92004CFE58 /* Debug */,
				C3F03CD228E37B92004CFE58 /* Release */,
			);
			defaultConfigurationIsVisible = 0;
			defaultConfigurationName = Release;
		};
		C3F03CD328E37B92004CFE58 /* Build configuration list for PBXNativeTarget "Example" */ = {
			isa = XCConfigurationList;
			buildConfigurations = (
				C3F03CD428E37B92004CFE58 /* Debug */,
				C3F03CD528E37B92004CFE58 /* Release */,
			);
			defaultConfigurationIsVisible = 0;
			defaultConfigurationName = Release;
		};
/* End XCConfigurationList section */
	};
	rootObject = C3F03CBD28E37B90004CFE58 /* Project object */;
}
